lockfileVersion: '6.0'

settings:
  autoInstallPeers: true
  excludeLinksFromLockfile: false

devDependencies:
  '@types/aws-lambda':
    specifier: ^8.10.92
    version: 8.10.136

packages:

  /@types/aws-lambda@8.10.136:
    resolution: {integrity: sha512-cmmgqxdVGhxYK9lZMYYXYRJk6twBo53ivtXjIUEFZxfxe4TkZTZBK3RRWrY2HjJcUIix0mdifn15yjOAat5lTA==}
    dev: true
